<?xml version="1.0" encoding="utf-8"?>
<Project ToolsVersion="4.0" xmlns="http://schemas.microsoft.com/developer/msbuild/2003">
  <ItemGroup>
    <Filter Include="소스 파일">
      <UniqueIdentifier>{4FC737F1-C7A5-4376-A066-2A32D752A2FF}</UniqueIdentifier>
      <Extensions>cpp;c;cc;cxx;def;odl;idl;hpj;bat;asm;asmx</Extensions>
    </Filter>
    <Filter Include="헤더 파일">
      <UniqueIdentifier>{93995380-89BD-4b04-88EB-625FBE52EBFB}</UniqueIdentifier>
      <Extensions>h;hh;hpp;hxx;hm;inl;inc;xsd</Extensions>
    </Filter>
    <Filter Include="리소스 파일">
      <UniqueIdentifier>{67DA6AB6-F800-4c08-8B7A-83BB121AAD01}</UniqueIdentifier>
      <Extensions>rc;ico;cur;bmp;dlg;rc2;rct;bin;rgs;gif;jpg;jpeg;jpe;resx;tiff;tif;png;wav;mfcribbon-ms</Extensions>
    </Filter>
    <Filter Include="Graphics">
      <UniqueIdentifier>{362d773e-77ea-4098-80fa-494a52e883cf}</UniqueIdentifier>
    </Filter>
    <Filter Include="Graphics\WndGDI">
      <UniqueIdentifier>{1a2c8a89-f299-4dd6-8f0a-c9a0287d95f0}</UniqueIdentifier>
    </Filter>
    <Filter Include="Math">
      <UniqueIdentifier>{1dc08479-f14f-4739-b87c-cd7b99e2f163}</UniqueIdentifier>
    </Filter>
    <Filter Include="Image">
      <UniqueIdentifier>{9c939d1a-0e5d-4351-8512-cdd6ae4091c2}</UniqueIdentifier>
    </Filter>
    <Filter Include="MainProc">
      <UniqueIdentifier>{f73a48e0-9624-4b04-9efb-f52f26022969}</UniqueIdentifier>
    </Filter>
    <Filter Include="Hair">
      <UniqueIdentifier>{30248cc0-c371-4d18-8844-64f9666920e0}</UniqueIdentifier>
    </Filter>
    <Filter Include="Lip">
      <UniqueIdentifier>{508ec758-5e31-484b-aa8c-85fd19a4a29f}</UniqueIdentifier>
    </Filter>
    <Filter Include="Clothes">
      <UniqueIdentifier>{32868d36-5baa-4d2f-bff6-aa5b2085eb1c}</UniqueIdentifier>
    </Filter>
    <Filter Include="Shoes">
      <UniqueIdentifier>{915c4dda-61cb-462d-b322-36587f90decb}</UniqueIdentifier>
    </Filter>
    <Filter Include="Eyes">
      <UniqueIdentifier>{07e97bb9-29fc-464c-bfa5-04c35862fd26}</UniqueIdentifier>
    </Filter>
  </ItemGroup>
  <ItemGroup>
    <Text Include="ReadMe.txt" />
  </ItemGroup>
  <ItemGroup>
    <ClInclude Include="stdafx.h">
      <Filter>헤더 파일</Filter>
    </ClInclude>
    <ClInclude Include="targetver.h">
      <Filter>헤더 파일</Filter>
    </ClInclude>
    <ClInclude Include="Resource.h">
      <Filter>헤더 파일</Filter>
    </ClInclude>
    <ClInclude Include="WndGameBase.h">
      <Filter>헤더 파일</Filter>
    </ClInclude>
    <ClInclude Include="BaseWindow.h">
      <Filter>헤더 파일</Filter>
    </ClInclude>
    <ClInclude Include="Singleton.h">
      <Filter>헤더 파일</Filter>
    </ClInclude>
    <ClInclude Include="System.h">
      <Filter>헤더 파일</Filter>
    </ClInclude>
    <ClInclude Include="TimeManager.h">
      <Filter>헤더 파일</Filter>
    </ClInclude>
    <ClInclude Include="FrameSkip.h">
      <Filter>헤더 파일</Filter>
    </ClInclude>
    <ClInclude Include="InputHandler.h">
      <Filter>헤더 파일</Filter>
    </ClInclude>
    <ClInclude Include="InputManager.h">
      <Filter>헤더 파일</Filter>
    </ClInclude>
    <ClInclude Include="Gdi.h">
      <Filter>Graphics\WndGDI</Filter>
    </ClInclude>
    <ClInclude Include="Util.h">
      <Filter>헤더 파일</Filter>
    </ClInclude>
    <ClInclude Include="Vector2d.h">
      <Filter>Math</Filter>
    </ClInclude>
    <ClInclude Include="ImageInfo.h">
      <Filter>Image</Filter>
    </ClInclude>
    <ClInclude Include="ImageManager.h">
      <Filter>Image</Filter>
    </ClInclude>
    <ClInclude Include="BaseRender.h">
      <Filter>헤더 파일</Filter>
    </ClInclude>
    <ClInclude Include="MainProc.h">
      <Filter>MainProc</Filter>
    </ClInclude>
    <ClInclude Include="ButtonBase.h">
      <Filter>헤더 파일</Filter>
    </ClInclude>
    <ClInclude Include="Hair.h">
      <Filter>Hair</Filter>
    </ClInclude>
    <ClInclude Include="Lip.h">
      <Filter>Lip</Filter>
    </ClInclude>
    <ClInclude Include="Eye.h">
      <Filter>Eyes</Filter>
    </ClInclude>
    <ClInclude Include="Shoes.h">
      <Filter>Shoes</Filter>
    </ClInclude>
    <ClInclude Include="Clothes.h">
      <Filter>Clothes</Filter>
    </ClInclude>
  </ItemGroup>
  <ItemGroup>
    <ClCompile Include="stdafx.cpp">
      <Filter>소스 파일</Filter>
    </ClCompile>
    <ClCompile Include="WndGameBase.cpp">
      <Filter>소스 파일</Filter>
    </ClCompile>
    <ClCompile Include="BaseWindow.cpp">
      <Filter>소스 파일</Filter>
    </ClCompile>
    <ClCompile Include="System.cpp">
      <Filter>소스 파일</Filter>
    </ClCompile>
    <ClCompile Include="TimeManager.cpp">
      <Filter>소스 파일</Filter>
    </ClCompile>
    <ClCompile Include="FrameSkip.cpp">
      <Filter>소스 파일</Filter>
    </ClCompile>
    <ClCompile Include="InputManager.cpp">
      <Filter>소스 파일</Filter>
    </ClCompile>
    <ClCompile Include="Gdi.cpp">
      <Filter>Graphics\WndGDI</Filter>
    </ClCompile>
    <ClCompile Include="Vector2d.cpp">
      <Filter>Math</Filter>
    </ClCompile>
    <ClCompile Include="ImageInfo.cpp">
      <Filter>Image</Filter>
    </ClCompile>
    <ClCompile Include="ImageManager.cpp">
      <Filter>Image</Filter>
    </ClCompile>
    <ClCompile Include="BaseRender.cpp">
      <Filter>소스 파일</Filter>
    </ClCompile>
    <ClCompile Include="MainProc.cpp">
      <Filter>MainProc</Filter>
    </ClCompile>
    <ClCompile Include="ButtonBase.cpp">
      <Filter>소스 파일</Filter>
    </ClCompile>
    <ClCompile Include="Hair.cpp">
      <Filter>Hair</Filter>
    </ClCompile>
    <ClCompile Include="Lip.cpp">
      <Filter>Lip</Filter>
    </ClCompile>
    <ClCompile Include="Eye.cpp">
      <Filter>Eyes</Filter>
    </ClCompile>
    <ClCompile Include="Shoes.cpp">
      <Filter>Shoes</Filter>
    </ClCompile>
    <ClCompile Include="Clothes.cpp">
      <Filter>Clothes</Filter>
    </ClCompile>
  </ItemGroup>
  <ItemGroup>
    <ResourceCompile Include="WndGameBase.rc">
      <Filter>리소스 파일</Filter>
    </ResourceCompile>
  </ItemGroup>
  <ItemGroup>
    <Image Include="small.ico">
      <Filter>리소스 파일</Filter>
    </Image>
    <Image Include="WndGameBase.ico">
      <Filter>리소스 파일</Filter>
    </Image>
  </ItemGroup>
</Project>